// !$*UTF8*$!
{
	archiveVersion = 1;
	classes = {
	};
	objectVersion = 56;
	objects = {

/* Begin PBXBuildFile section */
		AD5C66262B7AD9C300DB6459 /* fetch_coding_testApp.swift in Sources */ = {isa = PBXBuildFile; fileRef = AD5C66252B7AD9C300DB6459 /* fetch_coding_testApp.swift */; };
		AD5C66282B7AD9C300DB6459 /* ContentView.swift in Sources */ = {isa = PBXBuildFile; fileRef = AD5C66272B7AD9C300DB6459 /* ContentView.swift */; };
		AD5C662A2B7AD9C400DB6459 /* Assets.xcassets in Resources */ = {isa = PBXBuildFile; fileRef = AD5C66292B7AD9C400DB6459 /* Assets.xcassets */; };
		AD5C662D2B7AD9C400DB6459 /* Preview Assets.xcassets in Resources */ = {isa = PBXBuildFile; fileRef = AD5C662C2B7AD9C400DB6459 /* Preview Assets.xcassets */; };
		AD5C66542B7ADA6600DB6459 /* MealDetailView.swift in Sources */ = {isa = PBXBuildFile; fileRef = AD5C66532B7ADA6600DB6459 /* MealDetailView.swift */; };
		AD5C66562B7ADA9000DB6459 /* Meal.swift in Sources */ = {isa = PBXBuildFile; fileRef = AD5C66552B7ADA9000DB6459 /* Meal.swift */; };
		AD5C665A2B7ADAF900DB6459 /* NetworkManager.swift in Sources */ = {isa = PBXBuildFile; fileRef = AD5C66592B7ADAF900DB6459 /* NetworkManager.swift */; };
		AD5C665C2B7ADB2300DB6459 /* MealViewModel.swift in Sources */ = {isa = PBXBuildFile; fileRef = AD5C665B2B7ADB2300DB6459 /* MealViewModel.swift */; };
/* End PBXBuildFile section */

/* Begin PBXContainerItemProxy section */
		AD5C66332B7AD9C400DB6459 /* PBXContainerItemProxy */ = {
			isa = PBXContainerItemProxy;
			containerPortal = AD5C661A2B7AD9C300DB6459 /* Project object */;
			proxyType = 1;
			remoteGlobalIDString = AD5C66212B7AD9C300DB6459;
			remoteInfo = "fetch-coding-test";
		};
		AD5C663D2B7AD9C400DB6459 /* PBXContainerItemProxy */ = {
			isa = PBXContainerItemProxy;
			containerPortal = AD5C661A2B7AD9C300DB6459 /* Project object */;
			proxyType = 1;
			remoteGlobalIDString = AD5C66212B7AD9C300DB6459;
			remoteInfo = "fetch-coding-test";
		};
/* End PBXContainerItemProxy section */

/* Begin PBXFileReference section */
		AD5C66222B7AD9C300DB6459 /* fetch-coding-test.app */ = {isa = PBXFileReference; explicitFileType = wrapper.application; includeInIndex = 0; path = "fetch-coding-test.app"; sourceTree = BUILT_PRODUCTS_DIR; };
		AD5C66252B7AD9C300DB6459 /* fetch_coding_testApp.swift */ = {isa = PBXFileReference; lastKnownFileType = sourcecode.swift; path = fetch_coding_testApp.swift; sourceTree = "<group>"; };
		AD5C66272B7AD9C300DB6459 /* ContentView.swift */ = {isa = PBXFileReference; lastKnownFileType = sourcecode.swift; path = ContentView.swift; sourceTree = "<group>"; };
		AD5C66292B7AD9C400DB6459 /* Assets.xcassets */ = {isa = PBXFileReference; lastKnownFileType = folder.assetcatalog; path = Assets.xcassets; sourceTree = "<group>"; };
		AD5C662C2B7AD9C400DB6459 /* Preview Assets.xcassets */ = {isa = PBXFileReference; lastKnownFileType = folder.assetcatalog; path = "Preview Assets.xcassets"; sourceTree = "<group>"; };
		AD5C66322B7AD9C400DB6459 /* fetch-coding-testTests.xctest */ = {isa = PBXFileReference; explicitFileType = wrapper.cfbundle; includeInIndex = 0; path = "fetch-coding-testTests.xctest"; sourceTree = BUILT_PRODUCTS_DIR; };
		AD5C663C2B7AD9C400DB6459 /* fetch-coding-testUITests.xctest */ = {isa = PBXFileReference; explicitFileType = wrapper.cfbundle; includeInIndex = 0; path = "fetch-coding-testUITests.xctest"; sourceTree = BUILT_PRODUCTS_DIR; };
		AD5C66532B7ADA6600DB6459 /* MealDetailView.swift */ = {isa = PBXFileReference; lastKnownFileType = sourcecode.swift; path = MealDetailView.swift; sourceTree = "<group>"; };
		AD5C66552B7ADA9000DB6459 /* Meal.swift */ = {isa = PBXFileReference; lastKnownFileType = sourcecode.swift; path = Meal.swift; sourceTree = "<group>"; };
		AD5C66592B7ADAF900DB6459 /* NetworkManager.swift */ = {isa = PBXFileReference; lastKnownFileType = sourcecode.swift; path = NetworkManager.swift; sourceTree = "<group>"; };
		AD5C665B2B7ADB2300DB6459 /* MealViewModel.swift */ = {isa = PBXFileReference; lastKnownFileType = sourcecode.swift; path = MealViewModel.swift; sourceTree = "<group>"; };
/* End PBXFileReference section */

/* Begin PBXFrameworksBuildPhase section */
		AD5C661F2B7AD9C300DB6459 /* Frameworks */ = {
			isa = PBXFrameworksBuildPhase;
			buildActionMask = 2147483647;
			files = (
			);
			runOnlyForDeploymentPostprocessing = 0;
		};
		AD5C662F2B7AD9C400DB6459 /* Frameworks */ = {
			isa = PBXFrameworksBuildPhase;
			buildActionMask = 2147483647;
			files = (
			);
			runOnlyForDeploymentPostprocessing = 0;
		};
		AD5C66392B7AD9C400DB6459 /* Frameworks */ = {
			isa = PBXFrameworksBuildPhase;
			buildActionMask = 2147483647;
			files = (
			);
			runOnlyForDeploymentPostprocessing = 0;
		};
/* End PBXFrameworksBuildPhase section */

/* Begin PBXGroup section */
		AD5C66192B7AD9C300DB6459 = {
			isa = PBXGroup;
			children = (
				AD5C66242B7AD9C300DB6459 /* fetch-coding-test */,
				AD5C66232B7AD9C300DB6459 /* Products */,
			);
			sourceTree = "<group>";
		};
		AD5C66232B7AD9C300DB6459 /* Products */ = {
			isa = PBXGroup;
			children = (
				AD5C66222B7AD9C300DB6459 /* fetch-coding-test.app */,
				AD5C66322B7AD9C400DB6459 /* fetch-coding-testTests.xctest */,
				AD5C663C2B7AD9C400DB6459 /* fetch-coding-testUITests.xctest */,
			);
			name = Products;
			sourceTree = "<group>";
		};
		AD5C66242B7AD9C300DB6459 /* fetch-coding-test */ = {
			isa = PBXGroup;
			children = (
				AD5C66522B7AD9F600DB6459 /* Views */,
				AD5C66512B7AD9ED00DB6459 /* ViewModel */,
				AD5C66502B7AD9DF00DB6459 /* Network */,
				AD5C664F2B7AD9D600DB6459 /* Model */,
				AD5C66252B7AD9C300DB6459 /* fetch_coding_testApp.swift */,
				AD5C66292B7AD9C400DB6459 /* Assets.xcassets */,
				AD5C662B2B7AD9C400DB6459 /* Preview Content */,
			);
			path = "fetch-coding-test";
			sourceTree = "<group>";
		};
		AD5C662B2B7AD9C400DB6459 /* Preview Content */ = {
			isa = PBXGroup;
			children = (
				AD5C662C2B7AD9C400DB6459 /* Preview Assets.xcassets */,
			);
			path = "Preview Content";
			sourceTree = "<group>";
		};
		AD5C664F2B7AD9D600DB6459 /* Model */ = {
			isa = PBXGroup;
			children = (
				AD5C66552B7ADA9000DB6459 /* Meal.swift */,
			);
			path = Model;
			sourceTree = "<group>";
		};
		AD5C66502B7AD9DF00DB6459 /* Network */ = {
			isa = PBXGroup;
			children = (
				AD5C66592B7ADAF900DB6459 /* NetworkManager.swift */,
			);
			path = Network;
			sourceTree = "<group>";
		};
		AD5C66512B7AD9ED00DB6459 /* ViewModel */ = {
			isa = PBXGroup;
			children = (
				AD5C665B2B7ADB2300DB6459 /* MealViewModel.swift */,
			);
			path = ViewModel;
			sourceTree = "<group>";
		};
		AD5C66522B7AD9F600DB6459 /* Views */ = {
			isa = PBXGroup;
			children = (
				AD5C66272B7AD9C300DB6459 /* ContentView.swift */,
				AD5C66532B7ADA6600DB6459 /* MealDetailView.swift */,
			);
			path = Views;
			sourceTree = "<group>";
		};
/* End PBXGroup section */

/* Begin PBXNativeTarget section */
		AD5C66212B7AD9C300DB6459 /* fetch-coding-test */ = {
			isa = PBXNativeTarget;
			buildConfigurationList = AD5C66462B7AD9C400DB6459 /* Build configuration list for PBXNativeTarget "fetch-coding-test" */;
			buildPhases = (
				AD5C661E2B7AD9C300DB6459 /* Sources */,
				AD5C661F2B7AD9C300DB6459 /* Frameworks */,
				AD5C66202B7AD9C300DB6459 /* Resources */,
			);
			buildRules = (
			);
			dependencies = (
			);
			name = "fetch-coding-test";
			productName = "fetch-coding-test";
			productReference = AD5C66222B7AD9C300DB6459 /* fetch-coding-test.app */;
			productType = "com.apple.product-type.application";
		};
		AD5C66312B7AD9C400DB6459 /* fetch-coding-testTests */ = {
			isa = PBXNativeTarget;
			buildConfigurationList = AD5C66492B7AD9C400DB6459 /* Build configuration list for PBXNativeTarget "fetch-coding-testTests" */;
			buildPhases = (
				AD5C662E2B7AD9C400DB6459 /* Sources */,
				AD5C662F2B7AD9C400DB6459 /* Frameworks */,
				AD5C66302B7AD9C400DB6459 /* Resources */,
			);
			buildRules = (
			);
			dependencies = (
				AD5C66342B7AD9C400DB6459 /* PBXTargetDependency */,
			);
			name = "fetch-coding-testTests";
			productName = "fetch-coding-testTests";
			productReference = AD5C66322B7AD9C400DB6459 /* fetch-coding-testTests.xctest */;
			productType = "com.apple.product-type.bundle.unit-test";
		};
		AD5C663B2B7AD9C400DB6459 /* fetch-coding-testUITests */ = {
			isa = PBXNativeTarget;
			buildConfigurationList = AD5C664C2B7AD9C400DB6459 /* Build configuration list for PBXNativeTarget "fetch-coding-testUITests" */;
			buildPhases = (
				AD5C66382B7AD9C400DB6459 /* Sources */,
				AD5C66392B7AD9C400DB6459 /* Frameworks */,
				AD5C663A2B7AD9C400DB6459 /* Resources */,
			);
			buildRules = (
			);
			dependencies = (
				AD5C663E2B7AD9C400DB6459 /* PBXTargetDependency */,
			);
			name = "fetch-coding-testUITests";
			productName = "fetch-coding-testUITests";
			productReference = AD5C663C2B7AD9C400DB6459 /* fetch-coding-testUITests.xctest */;
			productType = "com.apple.product-type.bundle.ui-testing";
		};
/* End PBXNativeTarget section */

/* Begin PBXProject section */
		AD5C661A2B7AD9C300DB6459 /* Project object */ = {
			isa = PBXProject;
			attributes = {
				BuildIndependentTargetsInParallel = 1;
				LastSwiftUpdateCheck = 1510;
				LastUpgradeCheck = 1510;
				TargetAttributes = {
					AD5C66212B7AD9C300DB6459 = {
						CreatedOnToolsVersion = 15.1;
					};
					AD5C66312B7AD9C400DB6459 = {
						CreatedOnToolsVersion = 15.1;
						TestTargetID = AD5C66212B7AD9C300DB6459;
					};
					AD5C663B2B7AD9C400DB6459 = {
						CreatedOnToolsVersion = 15.1;
						TestTargetID = AD5C66212B7AD9C300DB6459;
					};
				};
			};
			buildConfigurationList = AD5C661D2B7AD9C300DB6459 /* Build configuration list for PBXProject "fetch-coding-test" */;
			compatibilityVersion = "Xcode 14.0";
			developmentRegion = en;
			hasScannedForEncodings = 0;
			knownRegions = (
				en,
				Base,
			);
			mainGroup = AD5C66192B7AD9C300DB6459;
			productRefGroup = AD5C66232B7AD9C300DB6459 /* Products */;
			projectDirPath = "";
			projectRoot = "";
			targets = (
				AD5C66212B7AD9C300DB6459 /* fetch-coding-test */,
				AD5C66312B7AD9C400DB6459 /* fetch-coding-testTests */,
				AD5C663B2B7AD9C400DB6459 /* fetch-coding-testUITests */,
			);
		};
/* End PBXProject section */

/* Begin PBXResourcesBuildPhase section */
		AD5C66202B7AD9C300DB6459 /* Resources */ = {
			isa = PBXResourcesBuildPhase;
			buildActionMask = 2147483647;
			files = (
				AD5C662D2B7AD9C400DB6459 /* Preview Assets.xcassets in Resources */,
				AD5C662A2B7AD9C400DB6459 /* Assets.xcassets in Resources */,
			);
			runOnlyForDeploymentPostprocessing = 0;
		};
		AD5C66302B7AD9C400DB6459 /* Resources */ = {
			isa = PBXResourcesBuildPhase;
			buildActionMask = 2147483647;
			files = (
			);
			runOnlyForDeploymentPostprocessing = 0;
		};
		AD5C663A2B7AD9C400DB6459 /* Resources */ = {
			isa = PBXResourcesBuildPhase;
			buildActionMask = 2147483647;
			files = (
			);
			runOnlyForDeploymentPostprocessing = 0;
		};
/* End PBXResourcesBuildPhase section */

/* Begin PBXSourcesBuildPhase section */
		AD5C661E2B7AD9C300DB6459 /* Sources */ = {
			isa = PBXSourcesBuildPhase;
			buildActionMask = 2147483647;
			files = (
				AD5C665A2B7ADAF900DB6459 /* NetworkManager.swift in Sources */,
				AD5C665C2B7ADB2300DB6459 /* MealViewModel.swift in Sources */,
				AD5C66562B7ADA9000DB6459 /* Meal.swift in Sources */,
				AD5C66542B7ADA6600DB6459 /* MealDetailView.swift in Sources */,
				AD5C66282B7AD9C300DB6459 /* ContentView.swift in Sources */,
				AD5C66262B7AD9C300DB6459 /* fetch_coding_testApp.swift in Sources */,
			);
			runOnlyForDeploymentPostprocessing = 0;
		};
		AD5C662E2B7AD9C400DB6459 /* Sources */ = {
			isa = PBXSourcesBuildPhase;
			buildActionMask = 2147483647;
			files = (
			);
			runOnlyForDeploymentPostprocessing = 0;
		};
		AD5C66382B7AD9C400DB6459 /* Sources */ = {
			isa = PBXSourcesBuildPhase;
			buildActionMask = 2147483647;
			files = (
			);
			runOnlyForDeploymentPostprocessing = 0;
		};
/* End PBXSourcesBuildPhase section */

/* Begin PBXTargetDependency section */
		AD5C66342B7AD9C400DB6459 /* PBXTargetDependency */ = {
			isa = PBXTargetDependency;
			target = AD5C66212B7AD9C300DB6459 /* fetch-coding-test */;
			targetProxy = AD5C66332B7AD9C400DB6459 /* PBXContainerItemProxy */;
		};
		AD5C663E2B7AD9C400DB6459 /* PBXTargetDependency */ = {
			isa = PBXTargetDependency;
			target = AD5C66212B7AD9C300DB6459 /* fetch-coding-test */;
			targetProxy = AD5C663D2B7AD9C400DB6459 /* PBXContainerItemProxy */;
		};
/* End PBXTargetDependency section */

/* Begin XCBuildConfiguration section */
		AD5C66442B7AD9C400DB6459 /* Debug */ = {
			isa = XCBuildConfiguration;
			buildSettings = {
				ALWAYS_SEARCH_USER_PATHS = NO;
				ASSETCATALOG_COMPILER_GENERATE_SWIFT_ASSET_SYMBOL_EXTENSIONS = YES;
				CLANG_ANALYZER_NONNULL = YES;
				CLANG_ANALYZER_NUMBER_OBJECT_CONVERSION = YES_AGGRESSIVE;
				CLANG_CXX_LANGUAGE_STANDARD = "gnu++20";
				CLANG_ENABLE_MODULES = YES;
				CLANG_ENABLE_OBJC_ARC = YES;
				CLANG_ENABLE_OBJC_WEAK = YES;
				CLANG_WARN_BLOCK_CAPTURE_AUTORELEASING = YES;
				CLANG_WARN_BOOL_CONVERSION = YES;
				CLANG_WARN_COMMA = YES;
				CLANG_WARN_CONSTANT_CONVERSION = YES;
				CLANG_WARN_DEPRECATED_OBJC_IMPLEMENTATIONS = YES;
				CLANG_WARN_DIRECT_OBJC_ISA_USAGE = YES_ERROR;
				CLANG_WARN_DOCUMENTATION_COMMENTS = YES;
				CLANG_WARN_EMPTY_BODY = YES;
				CLANG_WARN_ENUM_CONVERSION = YES;
				CLANG_WARN_INFINITE_RECURSION = YES;
				CLANG_WARN_INT_CONVERSION = YES;
				CLANG_WARN_NON_LITERAL_NULL_CONVERSION = YES;
				CLANG_WARN_OBJC_IMPLICIT_RETAIN_SELF = YES;
				CLANG_WARN_OBJC_LITERAL_CONVERSION = YES;
				CLANG_WARN_OBJC_ROOT_CLASS = YES_ERROR;
				CLANG_WARN_QUOTED_INCLUDE_IN_FRAMEWORK_HEADER = YES;
				CLANG_WARN_RANGE_LOOP_ANALYSIS = YES;
				CLANG_WARN_STRICT_PROTOTYPES = YES;
				CLANG_WARN_SUSPICIOUS_MOVE = YES;
				CLANG_WARN_UNGUARDED_AVAILABILITY = YES_AGGRESSIVE;
				CLANG_WARN_UNREACHABLE_CODE = YES;
				CLANG_WARN__DUPLICATE_METHOD_MATCH = YES;
				COPY_PHASE_STRIP = NO;
				DEBUG_INFORMATION_FORMAT = dwarf;
				ENABLE_STRICT_OBJC_MSGSEND = YES;
				ENABLE_TESTABILITY = YES;
				ENABLE_USER_SCRIPT_SANDBOXING = YES;
				GCC_C_LANGUAGE_STANDARD = gnu17;
				GCC_DYNAMIC_NO_PIC = NO;
				GCC_NO_COMMON_BLOCKS = YES;
				GCC_OPTIMIZATION_LEVEL = 0;
				GCC_PREPROCESSOR_DEFINITIONS = (
					"DEBUG=1",
					"$(inherited)",
				);
				GCC_WARN_64_TO_32_BIT_CONVERSION = YES;
				GCC_WARN_ABOUT_RETURN_TYPE = YES_ERROR;
				GCC_WARN_UNDECLARED_SELECTOR = YES;
				GCC_WARN_UNINITIALIZED_AUTOS = YES_AGGRESSIVE;
				GCC_WARN_UNUSED_FUNCTION = YES;
				GCC_WARN_UNUSED_VARIABLE = YES;
				IPHONEOS_DEPLOYMENT_TARGET = 17.2;
				LOCALIZATION_PREFERS_STRING_CATALOGS = YES;
				MTL_ENABLE_DEBUG_INFO = INCLUDE_SOURCE;
				MTL_FAST_MATH = YES;
				ONLY_ACTIVE_ARCH = YES;
				SDKROOT = iphoneos;
				SWIFT_ACTIVE_COMPILATION_CONDITIONS = "DEBUG $(inherited)";
				SWIFT_OPTIMIZATION_LEVEL = "-Onone";
			};
			name = Debug;
		};
		AD5C66452B7AD9C400DB6459 /* Release */ = {
			isa = XCBuildConfiguration;
			buildSettings = {
				ALWAYS_SEARCH_USER_PATHS = NO;
				ASSETCATALOG_COMPILER_GENERATE_SWIFT_ASSET_SYMBOL_EXTENSIONS = YES;
				CLANG_ANALYZER_NONNULL = YES;
				CLANG_ANALYZER_NUMBER_OBJECT_CONVERSION = YES_AGGRESSIVE;
				CLANG_CXX_LANGUAGE_STANDARD = "gnu++20";
				CLANG_ENABLE_MODULES = YES;
				CLANG_ENABLE_OBJC_ARC = YES;
				CLANG_ENABLE_OBJC_WEAK = YES;
				CLANG_WARN_BLOCK_CAPTURE_AUTORELEASING = YES;
				CLANG_WARN_BOOL_CONVERSION = YES;
				CLANG_WARN_COMMA = YES;
				CLANG_WARN_CONSTANT_CONVERSION = YES;
				CLANG_WARN_DEPRECATED_OBJC_IMPLEMENTATIONS = YES;
				CLANG_WARN_DIRECT_OBJC_ISA_USAGE = YES_ERROR;
				CLANG_WARN_DOCUMENTATION_COMMENTS = YES;
				CLANG_WARN_EMPTY_BODY = YES;
				CLANG_WARN_ENUM_CONVERSION = YES;
				CLANG_WARN_INFINITE_RECURSION = YES;
				CLANG_WARN_INT_CONVERSION = YES;
				CLANG_WARN_NON_LITERAL_NULL_CONVERSION = YES;
				CLANG_WARN_OBJC_IMPLICIT_RETAIN_SELF = YES;
				CLANG_WARN_OBJC_LITERAL_CONVERSION = YES;
				CLANG_WARN_OBJC_ROOT_CLASS = YES_ERROR;
				CLANG_WARN_QUOTED_INCLUDE_IN_FRAMEWORK_HEADER = YES;
				CLANG_WARN_RANGE_LOOP_ANALYSIS = YES;
				CLANG_WARN_STRICT_PROTOTYPES = YES;
				CLANG_WARN_SUSPICIOUS_MOVE = YES;
				CLANG_WARN_UNGUARDED_AVAILABILITY = YES_AGGRESSIVE;
				CLANG_WARN_UNREACHABLE_CODE = YES;
				CLANG_WARN__DUPLICATE_METHOD_MATCH = YES;
				COPY_PHASE_STRIP = NO;
				DEBUG_INFORMATION_FORMAT = "dwarf-with-dsym";
				ENABLE_NS_ASSERTIONS = NO;
				ENABLE_STRICT_OBJC_MSGSEND = YES;
				ENABLE_USER_SCRIPT_SANDBOXING = YES;
				GCC_C_LANGUAGE_STANDARD = gnu17;
				GCC_NO_COMMON_BLOCKS = YES;
				GCC_WARN_64_TO_32_BIT_CONVERSION = YES;
				GCC_WARN_ABOUT_RETURN_TYPE = YES_ERROR;
				GCC_WARN_UNDECLARED_SELECTOR = YES;
				GCC_WARN_UNINITIALIZED_AUTOS = YES_AGGRESSIVE;
				GCC_WARN_UNUSED_FUNCTION = YES;
				GCC_WARN_UNUSED_VARIABLE = YES;
				IPHONEOS_DEPLOYMENT_TARGET = 17.2;
				LOCALIZATION_PREFERS_STRING_CATALOGS = YES;
				MTL_ENABLE_DEBUG_INFO = NO;
				MTL_FAST_MATH = YES;
				SDKROOT = iphoneos;
				SWIFT_COMPILATION_MODE = wholemodule;
				VALIDATE_PRODUCT = YES;
			};
			name = Release;
		};
		AD5C66472B7AD9C400DB6459 /* Debug */ = {
			isa = XCBuildConfiguration;
			buildSettings = {
				ASSETCATALOG_COMPILER_APPICON_NAME = AppIcon;
				ASSETCATALOG_COMPILER_GLOBAL_ACCENT_COLOR_NAME = AccentColor;
				CODE_SIGN_STYLE = Automatic;
				CURRENT_PROJECT_VERSION = 1;
				DEVELOPMENT_ASSET_PATHS = "\"fetch-coding-test/Preview Content\"";
				DEVELOPMENT_TEAM = 86J696A53S;
				ENABLE_PREVIEWS = YES;
				GENERATE_INFOPLIST_FILE = YES;
				INFOPLIST_KEY_UIApplicationSceneManifest_Generation = YES;
				INFOPLIST_KEY_UIApplicationSupportsIndirectInputEvents = YES;
				INFOPLIST_KEY_UILaunchScreen_Generation = YES;
				INFOPLIST_KEY_UISupportedInterfaceOrientations_iPad = "UIInterfaceOrientationPortrait UIInterfaceOrientationPortraitUpsideDown UIInterfaceOrientationLandscapeLeft UIInterfaceOrientationLandscapeRight";
				INFOPLIST_KEY_UISupportedInterfaceOrientations_iPhone = "UIInterfaceOrientationPortrait UIInterfaceOrientationLandscapeLeft UIInterfaceOrientationLandscapeRight";
				LD_RUNPATH_SEARCH_PATHS = (
					"$(inherited)",
					"@executable_path/Frameworks",
				);
				MARKETING_VERSION = 1.0;
				PRODUCT_BUNDLE_IDENTIFIER = "com.fetch.fetch-coding-test";
				PRODUCT_NAME = "$(TARGET_NAME)";
				SWIFT_EMIT_LOC_STRINGS = YES;
				SWIFT_VERSION = 5.0;
				TARGETED_DEVICE_FAMILY = "1,2";
			};
			name = Debug;
		};
		AD5C66482B7AD9C400DB6459 /* Release */ = {
			isa = XCBuildConfiguration;
			buildSettings = {
				ASSETCATALOG_COMPILER_APPICON_NAME = AppIcon;
				ASSETCATALOG_COMPILER_GLOBAL_ACCENT_COLOR_NAME = AccentColor;
				CODE_SIGN_STYLE = Automatic;
				CURRENT_PROJECT_VERSION = 1;
				DEVELOPMENT_ASSET_PATHS = "\"fetch-coding-test/Preview Content\"";
				DEVELOPMENT_TEAM = 86J696A53S;
				ENABLE_PREVIEWS = YES;
				GENERATE_INFOPLIST_FILE = YES;
				INFOPLIST_KEY_UIApplicationSceneManifest_Generation = YES;
				INFOPLIST_KEY_UIApplicationSupportsIndirectInputEvents = YES;
				INFOPLIST_KEY_UILaunchScreen_Generation = YES;
				INFOPLIST_KEY_UISupportedInterfaceOrientations_iPad = "UIInterfaceOrientationPortrait UIInterfaceOrientationPortraitUpsideDown UIInterfaceOrientationLandscapeLeft UIInterfaceOrientationLandscapeRight";
				INFOPLIST_KEY_UISupportedInterfaceOrientations_iPhone = "UIInterfaceOrientationPortrait UIInterfaceOrientationLandscapeLeft UIInterfaceOrientationLandscapeRight";
				LD_RUNPATH_SEARCH_PATHS = (
					"$(inherited)",
					"@executable_path/Frameworks",
				);
				MARKETING_VERSION = 1.0;
				PRODUCT_BUNDLE_IDENTIFIER = "com.fetch.fetch-coding-test";
				PRODUCT_NAME = "$(TARGET_NAME)";
				SWIFT_EMIT_LOC_STRINGS = YES;
				SWIFT_VERSION = 5.0;
				TARGETED_DEVICE_FAMILY = "1,2";
			};
			name = Release;
		};
		AD5C664A2B7AD9C400DB6459 /* Debug */ = {
			isa = XCBuildConfiguration;
			buildSettings = {
				ALWAYS_EMBED_SWIFT_STANDARD_LIBRARIES = YES;
				BUNDLE_LOADER = "$(TEST_HOST)";
				CODE_SIGN_STYLE = Automatic;
				CURRENT_PROJECT_VERSION = 1;
				DEVELOPMENT_TEAM = 86J696A53S;
				GENERATE_INFOPLIST_FILE = YES;
				IPHONEOS_DEPLOYMENT_TARGET = 17.2;
				MARKETING_VERSION = 1.0;
				PRODUCT_BUNDLE_IDENTIFIER = "com.fetch.fetch-coding-testTests";
				PRODUCT_NAME = "$(TARGET_NAME)";
				SWIFT_EMIT_LOC_STRINGS = NO;
				SWIFT_VERSION = 5.0;
				TARGETED_DEVICE_FAMILY = "1,2";
				TEST_HOST = "$(BUILT_PRODUCTS_DIR)/fetch-coding-test.app/$(BUNDLE_EXECUTABLE_FOLDER_PATH)/fetch-coding-test";
			};
			name = Debug;
		};
		AD5C664B2B7AD9C400DB6459 /* Release */ = {
			isa = XCBuildConfiguration;
			buildSettings = {
				ALWAYS_EMBED_SWIFT_STANDARD_LIBRARIES = YES;
				BUNDLE_LOADER = "$(TEST_HOST)";
				CODE_SIGN_STYLE = Automatic;
				CURRENT_PROJECT_VERSION = 1;
				DEVELOPMENT_TEAM = 86J696A53S;
				GENERATE_INFOPLIST_FILE = YES;
				IPHONEOS_DEPLOYMENT_TARGET = 17.2;
				MARKETING_VERSION = 1.0;
				PRODUCT_BUNDLE_IDENTIFIER = "com.fetch.fetch-coding-testTests";
				PRODUCT_NAME = "$(TARGET_NAME)";
				SWIFT_EMIT_LOC_STRINGS = NO;
				SWIFT_VERSION = 5.0;
				TARGETED_DEVICE_FAMILY = "1,2";
				TEST_HOST = "$(BUILT_PRODUCTS_DIR)/fetch-coding-test.app/$(BUNDLE_EXECUTABLE_FOLDER_PATH)/fetch-coding-test";
			};
			name = Release;
		};
		AD5C664D2B7AD9C400DB6459 /* Debug */ = {
			isa = XCBuildConfiguration;
			buildSettings = {
				ALWAYS_EMBED_SWIFT_STANDARD_LIBRARIES = YES;
				CODE_SIGN_STYLE = Automatic;
				CURRENT_PROJECT_VERSION = 1;
				DEVELOPMENT_TEAM = 86J696A53S;
				GENERATE_INFOPLIST_FILE = YES;
				IPHONEOS_DEPLOYMENT_TARGET = 16.0;
				MARKETING_VERSION = 1.0;
				PRODUCT_BUNDLE_IDENTIFIER = "com.fetch.fetch-coding-testUITests";
				PRODUCT_NAME = "$(TARGET_NAME)";
				SWIFT_EMIT_LOC_STRINGS = NO;
				SWIFT_VERSION = 5.0;
				TARGETED_DEVICE_FAMILY = "1,2";
				TEST_TARGET_NAME = "fetch-coding-test";
			};
			name = Debug;
		};
		AD5C664E2B7AD9C400DB6459 /* Release */ = {
			isa = XCBuildConfiguration;
			buildSettings = {
				ALWAYS_EMBED_SWIFT_STANDARD_LIBRARIES = YES;
				CODE_SIGN_STYLE = Automatic;
				CURRENT_PROJECT_VERSION = 1;
				DEVELOPMENT_TEAM = 86J696A53S;
				GENERATE_INFOPLIST_FILE = YES;
				IPHONEOS_DEPLOYMENT_TARGET = 16.0;
				MARKETING_VERSION = 1.0;
				PRODUCT_BUNDLE_IDENTIFIER = "com.fetch.fetch-coding-testUITests";
				PRODUCT_NAME = "$(TARGET_NAME)";
				SWIFT_EMIT_LOC_STRINGS = NO;
				SWIFT_VERSION = 5.0;
				TARGETED_DEVICE_FAMILY = "1,2";
				TEST_TARGET_NAME = "fetch-coding-test";
			};
			name = Release;
		};
/* End XCBuildConfiguration section */

/* Begin XCConfigurationList section */
		AD5C661D2B7AD9C300DB6459 /* Build configuration list for PBXProject "fetch-coding-test" */ = {
			isa = XCConfigurationList;
			buildConfigurations = (
				AD5C66442B7AD9C400DB6459 /* Debug */,
				AD5C66452B7AD9C400DB6459 /* Release */,
			);
			defaultConfigurationIsVisible = 0;
			defaultConfigurationName = Release;
		};
		AD5C66462B7AD9C400DB6459 /* Build configuration list for PBXNativeTarget "fetch-coding-test" */ = {
			isa = XCConfigurationList;
			buildConfigurations = (
				AD5C66472B7AD9C400DB6459 /* Debug */,
				AD5C66482B7AD9C400DB6459 /* Release */,
			);
			defaultConfigurationIsVisible = 0;
			defaultConfigurationName = Release;
		};
		AD5C66492B7AD9C400DB6459 /* Build configuration list for PBXNativeTarget "fetch-coding-testTests" */ = {
			isa = XCConfigurationList;
			buildConfigurations = (
				AD5C664A2B7AD9C400DB6459 /* Debug */,
				AD5C664B2B7AD9C400DB6459 /* Release */,
			);
			defaultConfigurationIsVisible = 0;
			defaultConfigurationName = Release;
		};
		AD5C664C2B7AD9C400DB6459 /* Build configuration list for PBXNativeTarget "fetch-coding-testUITests" */ = {
			isa = XCConfigurationList;
			buildConfigurations = (
				AD5C664D2B7AD9C400DB6459 /* Debug */,
				AD5C664E2B7AD9C400DB6459 /* Release */,
			);
			defaultConfigurationIsVisible = 0;
			defaultConfigurationName = Release;
		};
/* End XCConfigurationList section */
	};
	rootObject = AD5C661A2B7AD9C300DB6459 /* Project object */;
}
